{
  "name": "angular-rest-client",
  "version": "2.0.0",
  "lockfileVersion": 1,
  "requires": true,
  "dependencies": {
    "update-json": {
      "version": "1.0.0",
      "resolved": "https://registry.npmjs.org/update-json/-/update-json-1.0.0.tgz",
      "integrity": "sha1-f3HfLA3egBngR63bPEdKLQWPsGU=",
      "dev": true,
      "requires": {
        "async": "^1.5.2"
      },
      "dependencies": {
        "async": {
          "version": "1.5.2",
          "resolved": "http://registry.npmjs.org/async/-/async-1.5.2.tgz",
          "integrity": "sha1-7GphrlZIDAw8skHJVhjiCJL5Zyo=",
          "dev": true
        }
      }
    }
  }
}
